// !$*UTF8*$!
{
	archiveVersion = 1;
	classes = {
	};
	objectVersion = 46;
	objects = {

/* Begin PBXBuildFile section */
		842564B8172F002C0079B651 /* AssetsLibrary.framework in Frameworks */ = {isa = PBXBuildFile; fileRef = 842564B7172F002C0079B651 /* AssetsLibrary.framework */; };
		842564BF172F1B110079B651 /* ImageIO.framework in Frameworks */ = {isa = PBXBuildFile; fileRef = 842564BE172F1B110079B651 /* ImageIO.framework */; };
		842564C3172F23130079B651 /* MREMenuViewController.m in Sources */ = {isa = PBXBuildFile; fileRef = 842564C1172F23130079B651 /* MREMenuViewController.m */; };
		842564C4172F23130079B651 /* MREMenuViewController.xib in Resources */ = {isa = PBXBuildFile; fileRef = 842564C2172F23130079B651 /* MREMenuViewController.xib */; };
		842564C6172F26410079B651 /* generics_epoca_senza_render.jpg in Resources */ = {isa = PBXBuildFile; fileRef = 842564C5172F26410079B651 /* generics_epoca_senza_render.jpg */; };
		8431344A1820788000B1CC46 /* libz.dylib in Frameworks */ = {isa = PBXBuildFile; fileRef = 843134491820788000B1CC46 /* libz.dylib */; };
		84330E0D172DD3D200A4CBBB /* MREMaterialsView.m in Sources */ = {isa = PBXBuildFile; fileRef = 84330E0C172DD3D100A4CBBB /* MREMaterialsView.m */; };
		843D4112172C38EF00AC2DA1 /* UIKit.framework in Frameworks */ = {isa = PBXBuildFile; fileRef = 843D4111172C38EF00AC2DA1 /* UIKit.framework */; };
		843D4114172C38EF00AC2DA1 /* Foundation.framework in Frameworks */ = {isa = PBXBuildFile; fileRef = 843D4113172C38EF00AC2DA1 /* Foundation.framework */; };
		843D4116172C38EF00AC2DA1 /* CoreGraphics.framework in Frameworks */ = {isa = PBXBuildFile; fileRef = 843D4115172C38EF00AC2DA1 /* CoreGraphics.framework */; };
		843D411C172C38EF00AC2DA1 /* InfoPlist.strings in Resources */ = {isa = PBXBuildFile; fileRef = 843D411A172C38EF00AC2DA1 /* InfoPlist.strings */; };
		843D411E172C38EF00AC2DA1 /* main.m in Sources */ = {isa = PBXBuildFile; fileRef = 843D411D172C38EF00AC2DA1 /* main.m */; };
		843D4122172C38EF00AC2DA1 /* MREAppDelegate.m in Sources */ = {isa = PBXBuildFile; fileRef = 843D4121172C38EF00AC2DA1 /* MREAppDelegate.m */; };
		843D4124172C38EF00AC2DA1 /* Default.png in Resources */ = {isa = PBXBuildFile; fileRef = 843D4123172C38EF00AC2DA1 /* Default.png */; };
		843D4126172C38EF00AC2DA1 /* Default@2x.png in Resources */ = {isa = PBXBuildFile; fileRef = 843D4125172C38EF00AC2DA1 /* Default@2x.png */; };
		843D4128172C38EF00AC2DA1 /* Default-568h@2x.png in Resources */ = {isa = PBXBuildFile; fileRef = 843D4127172C38EF00AC2DA1 /* Default-568h@2x.png */; };
		843D412B172C38EF00AC2DA1 /* MREViewController.mm in Sources */ = {isa = PBXBuildFile; fileRef = 843D412A172C38EF00AC2DA1 /* MREViewController.mm */; };
		843D412E172C38EF00AC2DA1 /* MREViewController.xib in Resources */ = {isa = PBXBuildFile; fileRef = 843D412C172C38EF00AC2DA1 /* MREViewController.xib */; };
		843D4144172C40E500AC2DA1 /* OpenGLES.framework in Frameworks */ = {isa = PBXBuildFile; fileRef = 843D4143172C40E500AC2DA1 /* OpenGLES.framework */; };
		843D4146172C417900AC2DA1 /* GLKit.framework in Frameworks */ = {isa = PBXBuildFile; fileRef = 843D4145172C417900AC2DA1 /* GLKit.framework */; };
		84F80D2D181AEC25006AB5FD /* AppIcon.png in Resources */ = {isa = PBXBuildFile; fileRef = 84F80D2C181AEC25006AB5FD /* AppIcon.png */; };
		84F80D30181AEC4B006AB5FD /* AppIcon@2x.png in Resources */ = {isa = PBXBuildFile; fileRef = 84F80D2F181AEC4B006AB5FD /* AppIcon@2x.png */; };
		879C2BBB18F301C400FB97D4 /* MREEffectInfo.m in Sources */ = {isa = PBXBuildFile; fileRef = 879C2BBA18F301C400FB97D4 /* MREEffectInfo.m */; };
		B5441E7C18BFE2150051ABA6 /* effect.cpp in Sources */ = {isa = PBXBuildFile; fileRef = B5441E7418BFE2150051ABA6 /* effect.cpp */; };
		B5441E7D18BFE2150051ABA6 /* model.cpp in Sources */ = {isa = PBXBuildFile; fileRef = B5441E7618BFE2150051ABA6 /* model.cpp */; };
		B5441E7E18BFE2150051ABA6 /* node.cpp in Sources */ = {isa = PBXBuildFile; fileRef = B5441E7818BFE2150051ABA6 /* node.cpp */; };
		B5441E7F18BFE2150051ABA6 /* texture_buffer.cpp in Sources */ = {isa = PBXBuildFile; fileRef = B5441E7A18BFE2150051ABA6 /* texture_buffer.cpp */; };
		B5441E8C18BFE4030051ABA6 /* libOGLES2Tools.a in Frameworks */ = {isa = PBXBuildFile; fileRef = B5441E8B18BFE4030051ABA6 /* libOGLES2Tools.a */; };
		B5441E9718BFE53B0051ABA6 /* libJsonLiteObjC.a in Frameworks */ = {isa = PBXBuildFile; fileRef = B5441E9618BFE53B0051ABA6 /* libJsonLiteObjC.a */; };
		B5441E9918BFE5730051ABA6 /* models in Resources */ = {isa = PBXBuildFile; fileRef = B5441E9818BFE5730051ABA6 /* models */; };
		B5441E9C18BFEE7A0051ABA6 /* MREModelInfo.m in Sources */ = {isa = PBXBuildFile; fileRef = B5441E9B18BFEE7A0051ABA6 /* MREModelInfo.m */; };
		B5441E9F18BFEEED0051ABA6 /* MRENodelInfo.m in Sources */ = {isa = PBXBuildFile; fileRef = B5441E9E18BFEEED0051ABA6 /* MRENodelInfo.m */; };
		B5441EA218BFF25F0051ABA6 /* MREDataLoader.m in Sources */ = {isa = PBXBuildFile; fileRef = B5441EA118BFF25F0051ABA6 /* MREDataLoader.m */; };
/* End PBXBuildFile section */

/* Begin PBXFileReference section */
		842564B7172F002C0079B651 /* AssetsLibrary.framework */ = {isa = PBXFileReference; lastKnownFileType = wrapper.framework; name = AssetsLibrary.framework; path = System/Library/Frameworks/AssetsLibrary.framework; sourceTree = SDKROOT; };
		842564BE172F1B110079B651 /* ImageIO.framework */ = {isa = PBXFileReference; lastKnownFileType = wrapper.framework; name = ImageIO.framework; path = System/Library/Frameworks/ImageIO.framework; sourceTree = SDKROOT; };
		842564C0172F23130079B651 /* MREMenuViewController.h */ = {isa = PBXFileReference; fileEncoding = 4; lastKnownFileType = sourcecode.c.h; path = MREMenuViewController.h; sourceTree = "<group>"; };
		842564C1172F23130079B651 /* MREMenuViewController.m */ = {isa = PBXFileReference; fileEncoding = 4; lastKnownFileType = sourcecode.c.objc; path = MREMenuViewController.m; sourceTree = "<group>"; };
		842564C2172F23130079B651 /* MREMenuViewController.xib */ = {isa = PBXFileReference; fileEncoding = 4; lastKnownFileType = file.xib; path = MREMenuViewController.xib; sourceTree = "<group>"; };
		842564C5172F26410079B651 /* generics_epoca_senza_render.jpg */ = {isa = PBXFileReference; lastKnownFileType = image.jpeg; path = generics_epoca_senza_render.jpg; sourceTree = "<group>"; };
		843134491820788000B1CC46 /* libz.dylib */ = {isa = PBXFileReference; lastKnownFileType = "compiled.mach-o.dylib"; name = libz.dylib; path = usr/lib/libz.dylib; sourceTree = SDKROOT; };
		84330E0B172DD3D100A4CBBB /* MREMaterialsView.h */ = {isa = PBXFileReference; fileEncoding = 4; lastKnownFileType = sourcecode.c.h; path = MREMaterialsView.h; sourceTree = "<group>"; };
		84330E0C172DD3D100A4CBBB /* MREMaterialsView.m */ = {isa = PBXFileReference; fileEncoding = 4; lastKnownFileType = sourcecode.c.objc; path = MREMaterialsView.m; sourceTree = "<group>"; };
		843D410E172C38EF00AC2DA1 /* ModelRenderEngine.app */ = {isa = PBXFileReference; explicitFileType = wrapper.application; includeInIndex = 0; path = ModelRenderEngine.app; sourceTree = BUILT_PRODUCTS_DIR; };
		843D4111172C38EF00AC2DA1 /* UIKit.framework */ = {isa = PBXFileReference; lastKnownFileType = wrapper.framework; name = UIKit.framework; path = System/Library/Frameworks/UIKit.framework; sourceTree = SDKROOT; };
		843D4113172C38EF00AC2DA1 /* Foundation.framework */ = {isa = PBXFileReference; lastKnownFileType = wrapper.framework; name = Foundation.framework; path = System/Library/Frameworks/Foundation.framework; sourceTree = SDKROOT; };
		843D4115172C38EF00AC2DA1 /* CoreGraphics.framework */ = {isa = PBXFileReference; lastKnownFileType = wrapper.framework; name = CoreGraphics.framework; path = System/Library/Frameworks/CoreGraphics.framework; sourceTree = SDKROOT; };
		843D4119172C38EF00AC2DA1 /* ModelRenderEngine-Info.plist */ = {isa = PBXFileReference; lastKnownFileType = text.plist.xml; path = "ModelRenderEngine-Info.plist"; sourceTree = "<group>"; };
		843D411B172C38EF00AC2DA1 /* en */ = {isa = PBXFileReference; lastKnownFileType = text.plist.strings; name = en; path = en.lproj/InfoPlist.strings; sourceTree = "<group>"; };
		843D411D172C38EF00AC2DA1 /* main.m */ = {isa = PBXFileReference; lastKnownFileType = sourcecode.c.objc; path = main.m; sourceTree = "<group>"; };
		843D411F172C38EF00AC2DA1 /* ModelRenderEngine-Prefix.pch */ = {isa = PBXFileReference; lastKnownFileType = sourcecode.c.h; path = "ModelRenderEngine-Prefix.pch"; sourceTree = "<group>"; };
		843D4120172C38EF00AC2DA1 /* MREAppDelegate.h */ = {isa = PBXFileReference; lastKnownFileType = sourcecode.c.h; path = MREAppDelegate.h; sourceTree = "<group>"; };
		843D4121172C38EF00AC2DA1 /* MREAppDelegate.m */ = {isa = PBXFileReference; lastKnownFileType = sourcecode.c.objc; path = MREAppDelegate.m; sourceTree = "<group>"; };
		843D4123172C38EF00AC2DA1 /* Default.png */ = {isa = PBXFileReference; lastKnownFileType = image.png; path = Default.png; sourceTree = "<group>"; };
		843D4125172C38EF00AC2DA1 /* Default@2x.png */ = {isa = PBXFileReference; lastKnownFileType = image.png; path = "Default@2x.png"; sourceTree = "<group>"; };
		843D4127172C38EF00AC2DA1 /* Default-568h@2x.png */ = {isa = PBXFileReference; lastKnownFileType = image.png; path = "Default-568h@2x.png"; sourceTree = "<group>"; };
		843D4129172C38EF00AC2DA1 /* MREViewController.h */ = {isa = PBXFileReference; lastKnownFileType = sourcecode.c.h; path = MREViewController.h; sourceTree = "<group>"; };
		843D412A172C38EF00AC2DA1 /* MREViewController.mm */ = {isa = PBXFileReference; lastKnownFileType = sourcecode.cpp.objcpp; path = MREViewController.mm; sourceTree = "<group>"; };
		843D412D172C38EF00AC2DA1 /* en */ = {isa = PBXFileReference; lastKnownFileType = file.xib; name = en; path = en.lproj/MREViewController.xib; sourceTree = "<group>"; };
		843D4143172C40E500AC2DA1 /* OpenGLES.framework */ = {isa = PBXFileReference; lastKnownFileType = wrapper.framework; name = OpenGLES.framework; path = System/Library/Frameworks/OpenGLES.framework; sourceTree = SDKROOT; };
		843D4145172C417900AC2DA1 /* GLKit.framework */ = {isa = PBXFileReference; lastKnownFileType = wrapper.framework; name = GLKit.framework; path = System/Library/Frameworks/GLKit.framework; sourceTree = SDKROOT; };
		84F80D2C181AEC25006AB5FD /* AppIcon.png */ = {isa = PBXFileReference; lastKnownFileType = image.png; name = AppIcon.png; path = ../AppIcon.png; sourceTree = "<group>"; };
		84F80D2F181AEC4B006AB5FD /* AppIcon@2x.png */ = {isa = PBXFileReference; lastKnownFileType = image.png; name = "AppIcon@2x.png"; path = "../AppIcon@2x.png"; sourceTree = "<group>"; };
		87926FAE18BF8CFF00902BC5 /* libOGLES2Tools.a */ = {isa = PBXFileReference; lastKnownFileType = archive.ar; name = libOGLES2Tools.a; path = "PowerVR/OGLES2/Build/iOS/build/Debug-iphoneos/libOGLES2Tools.a"; sourceTree = "<group>"; };
		879C2BB918F301C400FB97D4 /* MREEffectInfo.h */ = {isa = PBXFileReference; fileEncoding = 4; lastKnownFileType = sourcecode.c.h; path = MREEffectInfo.h; sourceTree = "<group>"; };
		879C2BBA18F301C400FB97D4 /* MREEffectInfo.m */ = {isa = PBXFileReference; fileEncoding = 4; lastKnownFileType = sourcecode.c.objc; path = MREEffectInfo.m; sourceTree = "<group>"; };
		B5441E6F18BFD40A0051ABA6 /* libOGLES2Tools.a */ = {isa = PBXFileReference; lastKnownFileType = archive.ar; name = libOGLES2Tools.a; path = "PowerVR/OGLES2/Build/iOS/build/Debug-iphoneos/libOGLES2Tools.a"; sourceTree = "<group>"; };
		B5441E7418BFE2150051ABA6 /* effect.cpp */ = {isa = PBXFileReference; fileEncoding = 4; lastKnownFileType = sourcecode.cpp.cpp; path = effect.cpp; sourceTree = "<group>"; };
		B5441E7518BFE2150051ABA6 /* effect.h */ = {isa = PBXFileReference; fileEncoding = 4; lastKnownFileType = sourcecode.c.h; path = effect.h; sourceTree = "<group>"; };
		B5441E7618BFE2150051ABA6 /* model.cpp */ = {isa = PBXFileReference; fileEncoding = 4; lastKnownFileType = sourcecode.cpp.cpp; path = model.cpp; sourceTree = "<group>"; };
		B5441E7718BFE2150051ABA6 /* model.h */ = {isa = PBXFileReference; fileEncoding = 4; lastKnownFileType = sourcecode.c.h; path = model.h; sourceTree = "<group>"; };
		B5441E7818BFE2150051ABA6 /* node.cpp */ = {isa = PBXFileReference; fileEncoding = 4; lastKnownFileType = sourcecode.cpp.cpp; path = node.cpp; sourceTree = "<group>"; };
		B5441E7918BFE2150051ABA6 /* node.h */ = {isa = PBXFileReference; fileEncoding = 4; lastKnownFileType = sourcecode.c.h; path = node.h; sourceTree = "<group>"; };
		B5441E7A18BFE2150051ABA6 /* texture_buffer.cpp */ = {isa = PBXFileReference; fileEncoding = 4; lastKnownFileType = sourcecode.cpp.cpp; path = texture_buffer.cpp; sourceTree = "<group>"; };
		B5441E7B18BFE2150051ABA6 /* texture_buffer.h */ = {isa = PBXFileReference; fileEncoding = 4; lastKnownFileType = sourcecode.c.h; path = texture_buffer.h; sourceTree = "<group>"; };
		B5441E8B18BFE4030051ABA6 /* libOGLES2Tools.a */ = {isa = PBXFileReference; lastKnownFileType = archive.ar; name = libOGLES2Tools.a; path = "../../../../Library/Developer/Xcode/DerivedData/ModelRenderEngine-ggqflczwwksljoemqoeqsjeqxpor/Build/Products/Debug-iphoneos/libOGLES2Tools.a"; sourceTree = "<group>"; };
		B5441E9618BFE53B0051ABA6 /* libJsonLiteObjC.a */ = {isa = PBXFileReference; lastKnownFileType = archive.ar; name = libJsonLiteObjC.a; path = "../ThirdParty/jsonlite/platform/ios/build/Debug-iphoneos/libJsonLiteObjC.a"; sourceTree = "<group>"; };
		B5441E9818BFE5730051ABA6 /* models */ = {isa = PBXFileReference; lastKnownFileType = folder; name = models; path = ../models; sourceTree = "<group>"; };
		B5441E9A18BFEE7A0051ABA6 /* MREModelInfo.h */ = {isa = PBXFileReference; fileEncoding = 4; lastKnownFileType = sourcecode.c.h; path = MREModelInfo.h; sourceTree = "<group>"; };
		B5441E9B18BFEE7A0051ABA6 /* MREModelInfo.m */ = {isa = PBXFileReference; fileEncoding = 4; lastKnownFileType = sourcecode.c.objc; path = MREModelInfo.m; sourceTree = "<group>"; };
		B5441E9D18BFEEED0051ABA6 /* MRENodelInfo.h */ = {isa = PBXFileReference; fileEncoding = 4; lastKnownFileType = sourcecode.c.h; path = MRENodelInfo.h; sourceTree = "<group>"; };
		B5441E9E18BFEEED0051ABA6 /* MRENodelInfo.m */ = {isa = PBXFileReference; fileEncoding = 4; lastKnownFileType = sourcecode.c.objc; path = MRENodelInfo.m; sourceTree = "<group>"; };
		B5441EA018BFF25F0051ABA6 /* MREDataLoader.h */ = {isa = PBXFileReference; fileEncoding = 4; lastKnownFileType = sourcecode.c.h; path = MREDataLoader.h; sourceTree = "<group>"; };
		B5441EA118BFF25F0051ABA6 /* MREDataLoader.m */ = {isa = PBXFileReference; fileEncoding = 4; lastKnownFileType = sourcecode.c.objc; path = MREDataLoader.m; sourceTree = "<group>"; };
/* End PBXFileReference section */

/* Begin PBXFrameworksBuildPhase section */
		843D410B172C38EF00AC2DA1 /* Frameworks */ = {
			isa = PBXFrameworksBuildPhase;
			buildActionMask = 2147483647;
			files = (
				B5441E9718BFE53B0051ABA6 /* libJsonLiteObjC.a in Frameworks */,
				B5441E8C18BFE4030051ABA6 /* libOGLES2Tools.a in Frameworks */,
				8431344A1820788000B1CC46 /* libz.dylib in Frameworks */,
				842564BF172F1B110079B651 /* ImageIO.framework in Frameworks */,
				842564B8172F002C0079B651 /* AssetsLibrary.framework in Frameworks */,
				843D4146172C417900AC2DA1 /* GLKit.framework in Frameworks */,
				843D4144172C40E500AC2DA1 /* OpenGLES.framework in Frameworks */,
				843D4112172C38EF00AC2DA1 /* UIKit.framework in Frameworks */,
				843D4114172C38EF00AC2DA1 /* Foundation.framework in Frameworks */,
				843D4116172C38EF00AC2DA1 /* CoreGraphics.framework in Frameworks */,
			);
			runOnlyForDeploymentPostprocessing = 0;
		};
/* End PBXFrameworksBuildPhase section */

/* Begin PBXGroup section */
		843D4105172C38EF00AC2DA1 = {
			isa = PBXGroup;
			children = (
				B5441E7318BFE2150051ABA6 /* mre */,
				843D4117172C38EF00AC2DA1 /* ModelRenderEngine */,
				843D4110172C38EF00AC2DA1 /* Frameworks */,
				843D410F172C38EF00AC2DA1 /* Products */,
				B5441E9818BFE5730051ABA6 /* models */,
			);
			sourceTree = "<group>";
		};
		843D410F172C38EF00AC2DA1 /* Products */ = {
			isa = PBXGroup;
			children = (
				843D410E172C38EF00AC2DA1 /* ModelRenderEngine.app */,
			);
			name = Products;
			sourceTree = "<group>";
		};
		843D4110172C38EF00AC2DA1 /* Frameworks */ = {
			isa = PBXGroup;
			children = (
				B5441E9618BFE53B0051ABA6 /* libJsonLiteObjC.a */,
				B5441E8B18BFE4030051ABA6 /* libOGLES2Tools.a */,
				B5441E6F18BFD40A0051ABA6 /* libOGLES2Tools.a */,
				87926FAE18BF8CFF00902BC5 /* libOGLES2Tools.a */,
				843134491820788000B1CC46 /* libz.dylib */,
				842564BE172F1B110079B651 /* ImageIO.framework */,
				842564B7172F002C0079B651 /* AssetsLibrary.framework */,
				843D4145172C417900AC2DA1 /* GLKit.framework */,
				843D4143172C40E500AC2DA1 /* OpenGLES.framework */,
				843D4111172C38EF00AC2DA1 /* UIKit.framework */,
				843D4113172C38EF00AC2DA1 /* Foundation.framework */,
				843D4115172C38EF00AC2DA1 /* CoreGraphics.framework */,
			);
			name = Frameworks;
			sourceTree = "<group>";
		};
		843D4117172C38EF00AC2DA1 /* ModelRenderEngine */ = {
			isa = PBXGroup;
			children = (
				84F80D2C181AEC25006AB5FD /* AppIcon.png */,
				84F80D2F181AEC4B006AB5FD /* AppIcon@2x.png */,
				842564C5172F26410079B651 /* generics_epoca_senza_render.jpg */,
				843D4120172C38EF00AC2DA1 /* MREAppDelegate.h */,
				843D4121172C38EF00AC2DA1 /* MREAppDelegate.m */,
				84330E0B172DD3D100A4CBBB /* MREMaterialsView.h */,
				84330E0C172DD3D100A4CBBB /* MREMaterialsView.m */,
				842564C0172F23130079B651 /* MREMenuViewController.h */,
				842564C1172F23130079B651 /* MREMenuViewController.m */,
				842564C2172F23130079B651 /* MREMenuViewController.xib */,
				843D4129172C38EF00AC2DA1 /* MREViewController.h */,
				843D412A172C38EF00AC2DA1 /* MREViewController.mm */,
				843D412C172C38EF00AC2DA1 /* MREViewController.xib */,
				B5441EA018BFF25F0051ABA6 /* MREDataLoader.h */,
				B5441EA118BFF25F0051ABA6 /* MREDataLoader.m */,
				879C2BB918F301C400FB97D4 /* MREEffectInfo.h */,
				879C2BBA18F301C400FB97D4 /* MREEffectInfo.m */,
				B5441E9A18BFEE7A0051ABA6 /* MREModelInfo.h */,
				B5441E9B18BFEE7A0051ABA6 /* MREModelInfo.m */,
				B5441E9D18BFEEED0051ABA6 /* MRENodelInfo.h */,
				B5441E9E18BFEEED0051ABA6 /* MRENodelInfo.m */,
				843D4118172C38EF00AC2DA1 /* Supporting Files */,
			);
			path = ModelRenderEngine;
			sourceTree = "<group>";
		};
		843D4118172C38EF00AC2DA1 /* Supporting Files */ = {
			isa = PBXGroup;
			children = (
				843D4119172C38EF00AC2DA1 /* ModelRenderEngine-Info.plist */,
				843D411A172C38EF00AC2DA1 /* InfoPlist.strings */,
				843D411D172C38EF00AC2DA1 /* main.m */,
				843D411F172C38EF00AC2DA1 /* ModelRenderEngine-Prefix.pch */,
				843D4123172C38EF00AC2DA1 /* Default.png */,
				843D4125172C38EF00AC2DA1 /* Default@2x.png */,
				843D4127172C38EF00AC2DA1 /* Default-568h@2x.png */,
			);
			name = "Supporting Files";
			sourceTree = "<group>";
		};
		B5441E7318BFE2150051ABA6 /* mre */ = {
			isa = PBXGroup;
			children = (
				B5441E7418BFE2150051ABA6 /* effect.cpp */,
				B5441E7518BFE2150051ABA6 /* effect.h */,
				B5441E7618BFE2150051ABA6 /* model.cpp */,
				B5441E7718BFE2150051ABA6 /* model.h */,
				B5441E7818BFE2150051ABA6 /* node.cpp */,
				B5441E7918BFE2150051ABA6 /* node.h */,
				B5441E7A18BFE2150051ABA6 /* texture_buffer.cpp */,
				B5441E7B18BFE2150051ABA6 /* texture_buffer.h */,
			);
			name = mre;
			path = ../mre;
			sourceTree = "<group>";
		};
/* End PBXGroup section */

/* Begin PBXNativeTarget section */
		843D410D172C38EF00AC2DA1 /* ModelRenderEngine */ = {
			isa = PBXNativeTarget;
			buildConfigurationList = 843D4131172C38EF00AC2DA1 /* Build configuration list for PBXNativeTarget "ModelRenderEngine" */;
			buildPhases = (
				843D410A172C38EF00AC2DA1 /* Sources */,
				843D410B172C38EF00AC2DA1 /* Frameworks */,
				843D410C172C38EF00AC2DA1 /* Resources */,
			);
			buildRules = (
			);
			dependencies = (
			);
			name = ModelRenderEngine;
			productName = ModelRenderEngine;
			productReference = 843D410E172C38EF00AC2DA1 /* ModelRenderEngine.app */;
			productType = "com.apple.product-type.application";
		};
/* End PBXNativeTarget section */

/* Begin PBXProject section */
		843D4106172C38EF00AC2DA1 /* Project object */ = {
			isa = PBXProject;
			attributes = {
				CLASSPREFIX = MRE;
				LastUpgradeCheck = 0460;
				ORGANIZATIONNAME = "Andrii Mamchur";
				TargetAttributes = {
					843D410D172C38EF00AC2DA1 = {
						DevelopmentTeam = 98D64ECLWX;
					};
				};
			};
			buildConfigurationList = 843D4109172C38EF00AC2DA1 /* Build configuration list for PBXProject "ModelRenderEngine" */;
			compatibilityVersion = "Xcode 3.2";
			developmentRegion = English;
			hasScannedForEncodings = 0;
			knownRegions = (
				en,
			);
			mainGroup = 843D4105172C38EF00AC2DA1;
			productRefGroup = 843D410F172C38EF00AC2DA1 /* Products */;
			projectDirPath = "";
			projectRoot = "";
			targets = (
				843D410D172C38EF00AC2DA1 /* ModelRenderEngine */,
			);
		};
/* End PBXProject section */

/* Begin PBXResourcesBuildPhase section */
		843D410C172C38EF00AC2DA1 /* Resources */ = {
			isa = PBXResourcesBuildPhase;
			buildActionMask = 2147483647;
			files = (
				843D411C172C38EF00AC2DA1 /* InfoPlist.strings in Resources */,
				B5441E9918BFE5730051ABA6 /* models in Resources */,
				843D4124172C38EF00AC2DA1 /* Default.png in Resources */,
				843D4126172C38EF00AC2DA1 /* Default@2x.png in Resources */,
				843D4128172C38EF00AC2DA1 /* Default-568h@2x.png in Resources */,
				843D412E172C38EF00AC2DA1 /* MREViewController.xib in Resources */,
				842564C4172F23130079B651 /* MREMenuViewController.xib in Resources */,
				842564C6172F26410079B651 /* generics_epoca_senza_render.jpg in Resources */,
				84F80D2D181AEC25006AB5FD /* AppIcon.png in Resources */,
				84F80D30181AEC4B006AB5FD /* AppIcon@2x.png in Resources */,
			);
			runOnlyForDeploymentPostprocessing = 0;
		};
/* End PBXResourcesBuildPhase section */

/* Begin PBXSourcesBuildPhase section */
		843D410A172C38EF00AC2DA1 /* Sources */ = {
			isa = PBXSourcesBuildPhase;
			buildActionMask = 2147483647;
			files = (
				B5441E9C18BFEE7A0051ABA6 /* MREModelInfo.m in Sources */,
				843D411E172C38EF00AC2DA1 /* main.m in Sources */,
				B5441E7D18BFE2150051ABA6 /* model.cpp in Sources */,
				879C2BBB18F301C400FB97D4 /* MREEffectInfo.m in Sources */,
				B5441EA218BFF25F0051ABA6 /* MREDataLoader.m in Sources */,
				B5441E9F18BFEEED0051ABA6 /* MRENodelInfo.m in Sources */,
				843D4122172C38EF00AC2DA1 /* MREAppDelegate.m in Sources */,
				843D412B172C38EF00AC2DA1 /* MREViewController.mm in Sources */,
				84330E0D172DD3D200A4CBBB /* MREMaterialsView.m in Sources */,
				B5441E7C18BFE2150051ABA6 /* effect.cpp in Sources */,
				B5441E7F18BFE2150051ABA6 /* texture_buffer.cpp in Sources */,
				842564C3172F23130079B651 /* MREMenuViewController.m in Sources */,
				B5441E7E18BFE2150051ABA6 /* node.cpp in Sources */,
			);
			runOnlyForDeploymentPostprocessing = 0;
		};
/* End PBXSourcesBuildPhase section */

/* Begin PBXVariantGroup section */
		843D411A172C38EF00AC2DA1 /* InfoPlist.strings */ = {
			isa = PBXVariantGroup;
			children = (
				843D411B172C38EF00AC2DA1 /* en */,
			);
			name = InfoPlist.strings;
			sourceTree = "<group>";
		};
		843D412C172C38EF00AC2DA1 /* MREViewController.xib */ = {
			isa = PBXVariantGroup;
			children = (
				843D412D172C38EF00AC2DA1 /* en */,
			);
			name = MREViewController.xib;
			sourceTree = "<group>";
		};
/* End PBXVariantGroup section */

/* Begin XCBuildConfiguration section */
		843D412F172C38EF00AC2DA1 /* Debug */ = {
			isa = XCBuildConfiguration;
			buildSettings = {
				ALWAYS_SEARCH_USER_PATHS = NO;
				CLANG_CXX_LANGUAGE_STANDARD = "gnu++0x";
				CLANG_CXX_LIBRARY = "libc++";
				CLANG_WARN_CONSTANT_CONVERSION = YES;
				CLANG_WARN_EMPTY_BODY = YES;
				CLANG_WARN_ENUM_CONVERSION = YES;
				CLANG_WARN_INT_CONVERSION = YES;
				CLANG_WARN__DUPLICATE_METHOD_MATCH = YES;
				"CODE_SIGN_IDENTITY[sdk=iphoneos*]" = "iPhone Developer";
				COPY_PHASE_STRIP = NO;
				GCC_C_LANGUAGE_STANDARD = gnu99;
				GCC_DYNAMIC_NO_PIC = NO;
				GCC_OPTIMIZATION_LEVEL = 0;
				GCC_PREPROCESSOR_DEFINITIONS = (
					"DEBUG=1",
					"$(inherited)",
				);
				GCC_SYMBOLS_PRIVATE_EXTERN = NO;
				GCC_WARN_ABOUT_RETURN_TYPE = YES;
				GCC_WARN_UNINITIALIZED_AUTOS = YES;
				GCC_WARN_UNUSED_VARIABLE = YES;
				IPHONEOS_DEPLOYMENT_TARGET = 6.1;
				ONLY_ACTIVE_ARCH = YES;
				SDKROOT = iphoneos;
				TARGETED_DEVICE_FAMILY = 2;
			};
			name = Debug;
		};
		843D4130172C38EF00AC2DA1 /* Release */ = {
			isa = XCBuildConfiguration;
			buildSettings = {
				ALWAYS_SEARCH_USER_PATHS = NO;
				CLANG_CXX_LANGUAGE_STANDARD = "gnu++0x";
				CLANG_CXX_LIBRARY = "libc++";
				CLANG_WARN_CONSTANT_CONVERSION = YES;
				CLANG_WARN_EMPTY_BODY = YES;
				CLANG_WARN_ENUM_CONVERSION = YES;
				CLANG_WARN_INT_CONVERSION = YES;
				CLANG_WARN__DUPLICATE_METHOD_MATCH = YES;
				"CODE_SIGN_IDENTITY[sdk=iphoneos*]" = "iPhone Developer";
				COPY_PHASE_STRIP = YES;
				GCC_C_LANGUAGE_STANDARD = gnu99;
				GCC_WARN_ABOUT_RETURN_TYPE = YES;
				GCC_WARN_UNINITIALIZED_AUTOS = YES;
				GCC_WARN_UNUSED_VARIABLE = YES;
				IPHONEOS_DEPLOYMENT_TARGET = 6.1;
				OTHER_CFLAGS = "-DNS_BLOCK_ASSERTIONS=1";
				SDKROOT = iphoneos;
				TARGETED_DEVICE_FAMILY = 2;
				VALIDATE_PRODUCT = YES;
			};
			name = Release;
		};
		843D4132172C38EF00AC2DA1 /* Debug */ = {
			isa = XCBuildConfiguration;
			buildSettings = {
				CLANG_CXX_LANGUAGE_STANDARD = "compiler-default";
				CODE_SIGN_IDENTITY = "";
				"CODE_SIGN_IDENTITY[sdk=iphoneos*]" = "iPhone Developer";
				GCC_C_LANGUAGE_STANDARD = c99;
				GCC_PRECOMPILE_PREFIX_HEADER = YES;
				GCC_PREFIX_HEADER = "ModelRenderEngine/ModelRenderEngine-Prefix.pch";
				INFOPLIST_FILE = "ModelRenderEngine/ModelRenderEngine-Info.plist";
				IPHONEOS_DEPLOYMENT_TARGET = 6.0;
				LIBRARY_SEARCH_PATHS = "$(inherited)";
				PRODUCT_NAME = "$(TARGET_NAME)";
				PROVISIONING_PROFILE = "A445890E-9541-40D8-92DF-B0DF1F05C0DB";
				"PROVISIONING_PROFILE[sdk=iphoneos*]" = "";
				USER_HEADER_SEARCH_PATHS = ../ThirdParty/PowerVR/OGLES2;
				WRAPPER_EXTENSION = app;
			};
			name = Debug;
		};
		843D4133172C38EF00AC2DA1 /* Release */ = {
			isa = XCBuildConfiguration;
			buildSettings = {
				CLANG_CXX_LANGUAGE_STANDARD = "compiler-default";
				CODE_SIGN_IDENTITY = "";
				"CODE_SIGN_IDENTITY[sdk=iphoneos*]" = "iPhone Developer";
				GCC_C_LANGUAGE_STANDARD = c99;
				GCC_PRECOMPILE_PREFIX_HEADER = YES;
				GCC_PREFIX_HEADER = "ModelRenderEngine/ModelRenderEngine-Prefix.pch";
				INFOPLIST_FILE = "ModelRenderEngine/ModelRenderEngine-Info.plist";
				IPHONEOS_DEPLOYMENT_TARGET = 6.0;
				LIBRARY_SEARCH_PATHS = "$(inherited)";
				PRODUCT_NAME = "$(TARGET_NAME)";
				PROVISIONING_PROFILE = "A445890E-9541-40D8-92DF-B0DF1F05C0DB";
				"PROVISIONING_PROFILE[sdk=iphoneos*]" = "";
				USER_HEADER_SEARCH_PATHS = ../ThirdParty/PowerVR/OGLES2;
				WRAPPER_EXTENSION = app;
			};
			name = Release;
		};
/* End XCBuildConfiguration section */

/* Begin XCConfigurationList section */
		843D4109172C38EF00AC2DA1 /* Build configuration list for PBXProject "ModelRenderEngine" */ = {
			isa = XCConfigurationList;
			buildConfigurations = (
				843D412F172C38EF00AC2DA1 /* Debug */,
				843D4130172C38EF00AC2DA1 /* Release */,
			);
			defaultConfigurationIsVisible = 0;
			defaultConfigurationName = Release;
		};
		843D4131172C38EF00AC2DA1 /* Build configuration list for PBXNativeTarget "ModelRenderEngine" */ = {
			isa = XCConfigurationList;
			buildConfigurations = (
				843D4132172C38EF00AC2DA1 /* Debug */,
				843D4133172C38EF00AC2DA1 /* Release */,
			);
			defaultConfigurationIsVisible = 0;
			defaultConfigurationName = Release;
		};
/* End XCConfigurationList section */
	};
	rootObject = 843D4106172C38EF00AC2DA1 /* Project object */;
}
